
Microsoft Visual Studio Solution File, Format Version 12.00
# Visual Studio Version 16
VisualStudioVersion = 16.0.30011.22
MinimumVisualStudioVersion = 10.0.40219.1
Project("{FAE04EC0-301F-11D3-BF4B-00C04F79EFBC}") = "ArmorUp.Android", "ArmorUp.Android\ArmorUp.Android.csproj", "{6A4BA43B-A7A0-40EB-A224-748B72B7603E}"
EndProject
Project("{FAE04EC0-301F-11D3-BF4B-00C04F79EFBC}") = "ArmorUp", "ArmorUp\ArmorUp.csproj", "{C672C95E-3A10-4240-9DDF-68211CAD13CF}"
EndProject
Global
	GlobalSection(SolutionConfigurationPlatforms) = preSolution
		Debug|Any CPU = Debug|Any CPU
		Release|Any CPU = Release|Any CPU
	EndGlobalSection
	GlobalSection(ProjectConfigurationPlatforms) = postSolution
		{6A4BA43B-A7A0-40EB-A224-748B72B7603E}.Debug|Any CPU.ActiveCfg = Debug|Any CPU
		{6A4BA43B-A7A0-40EB-A224-748B72B7603E}.Debug|Any CPU.Build.0 = Debug|Any CPU
		{6A4BA43B-A7A0-40EB-A224-748B72B7603E}.Debug|Any CPU.Deploy.0 = Debug|Any CPU
		{6A4BA43B-A7A0-40EB-A224-748B72B7603E}.Release|Any CPU.ActiveCfg = Release|Any CPU
		{6A4BA43B-A7A0-40EB-A224-748B72B7603E}.Release|Any CPU.Build.0 = Release|Any CPU
		{6A4BA43B-A7A0-40EB-A224-748B72B7603E}.Release|Any CPU.Deploy.0 = Release|Any CPU
		{C672C95E-3A10-4240-9DDF-68211CAD13CF}.Debug|Any CPU.ActiveCfg = Debug|Any CPU
		{C672C95E-3A10-4240-9DDF-68211CAD13CF}.Debug|Any CPU.Build.0 = Debug|Any CPU
		{C672C95E-3A10-4240-9DDF-68211CAD13CF}.Debug|Any CPU.Deploy.0 = Debug|Any CPU
		{C672C95E-3A10-4240-9DDF-68211CAD13CF}.Release|Any CPU.ActiveCfg = Release|Any CPU
		{C672C95E-3A10-4240-9DDF-68211CAD13CF}.Release|Any CPU.Build.0 = Release|Any CPU
		{C672C95E-3A10-4240-9DDF-68211CAD13CF}.Release|Any CPU.Deploy.0 = Release|Any CPU
	EndGlobalSection
	GlobalSection(SolutionProperties) = preSolution
		HideSolutionNode = FALSE
	EndGlobalSection
	GlobalSection(ExtensibilityGlobals) = postSolution
		SolutionGuid = {CECE2CA3-7CD5-4A3D-B012-90F3EFA7C250}
	EndGlobalSection
EndGlobal
